
Microsoft Visual Studio Solution File, Format Version 12.00
# Visual Studio Version 17
VisualStudioVersion = 17.0.31912.275
MinimumVisualStudioVersion = 10.0.40219.1
Project("{FAE04EC0-301F-11D3-BF4B-00C04F79EFBC}") = "Singleton", "Singleton\Singleton.csproj", "{FC149FBF-B69F-4419-8FCB-A57540BDEBF6}"
EndProject
Global
	GlobalSection(SolutionConfigurationPlatforms) = preSolution
		Debug|Any CPU = Debug|Any CPU
		Release|Any CPU = Release|Any CPU
	EndGlobalSection
	GlobalSection(ProjectConfigurationPlatforms) = postSolution
		{FC149FBF-B69F-4419-8FCB-A57540BDEBF6}.Debug|Any CPU.ActiveCfg = Debug|Any CPU
		{FC149FBF-B69F-4419-8FCB-A57540BDEBF6}.Debug|Any CPU.Build.0 = Debug|Any CPU
		{FC149FBF-B69F-4419-8FCB-A57540BDEBF6}.Release|Any CPU.ActiveCfg = Release|Any CPU
		{FC149FBF-B69F-4419-8FCB-A57540BDEBF6}.Release|Any CPU.Build.0 = Release|Any CPU
	EndGlobalSection
	GlobalSection(SolutionProperties) = preSolution
		HideSolutionNode = FALSE
	EndGlobalSection
	GlobalSection(ExtensibilityGlobals) = postSolution
		SolutionGuid = {396B05B2-6A03-4243-AA90-6AE04A79897A}
	EndGlobalSection
EndGlobal
